// !$*UTF8*$!
{
	archiveVersion = 1;
	classes = {
	};
	objectVersion = 46;
	objects = {

/* Begin PBXBuildFile section */
		FFD9BEE11A44B2BB001AF26E /* Foundation.framework in Frameworks */ = {isa = PBXBuildFile; fileRef = FFD9BEE01A44B2BB001AF26E /* Foundation.framework */; };
		FFD9BEE31A44B2BB001AF26E /* CoreGraphics.framework in Frameworks */ = {isa = PBXBuildFile; fileRef = FFD9BEE21A44B2BB001AF26E /* CoreGraphics.framework */; };
		FFD9BEE51A44B2BB001AF26E /* UIKit.framework in Frameworks */ = {isa = PBXBuildFile; fileRef = FFD9BEE41A44B2BB001AF26E /* UIKit.framework */; };
		FFD9BEEB1A44B2BB001AF26E /* InfoPlist.strings in Resources */ = {isa = PBXBuildFile; fileRef = FFD9BEE91A44B2BB001AF26E /* InfoPlist.strings */; };
		FFD9BEED1A44B2BB001AF26E /* main.m in Sources */ = {isa = PBXBuildFile; fileRef = FFD9BEEC1A44B2BB001AF26E /* main.m */; };
		FFD9BEF11A44B2BB001AF26E /* XYZAppDelegate.m in Sources */ = {isa = PBXBuildFile; fileRef = FFD9BEF01A44B2BB001AF26E /* XYZAppDelegate.m */; };
		FFD9BEF41A44B2BB001AF26E /* Main.storyboard in Resources */ = {isa = PBXBuildFile; fileRef = FFD9BEF21A44B2BB001AF26E /* Main.storyboard */; };
		FFD9BEF71A44B2BB001AF26E /* XYZViewController.m in Sources */ = {isa = PBXBuildFile; fileRef = FFD9BEF61A44B2BB001AF26E /* XYZViewController.m */; };
		FFD9BEF91A44B2BB001AF26E /* Images.xcassets in Resources */ = {isa = PBXBuildFile; fileRef = FFD9BEF81A44B2BB001AF26E /* Images.xcassets */; };
		FFD9BF001A44B2BC001AF26E /* XCTest.framework in Frameworks */ = {isa = PBXBuildFile; fileRef = FFD9BEFF1A44B2BC001AF26E /* XCTest.framework */; };
		FFD9BF011A44B2BC001AF26E /* Foundation.framework in Frameworks */ = {isa = PBXBuildFile; fileRef = FFD9BEE01A44B2BB001AF26E /* Foundation.framework */; };
		FFD9BF021A44B2BC001AF26E /* UIKit.framework in Frameworks */ = {isa = PBXBuildFile; fileRef = FFD9BEE41A44B2BB001AF26E /* UIKit.framework */; };
		FFD9BF0A1A44B2BC001AF26E /* InfoPlist.strings in Resources */ = {isa = PBXBuildFile; fileRef = FFD9BF081A44B2BC001AF26E /* InfoPlist.strings */; };
		FFD9BF0C1A44B2BC001AF26E /* SequenceAnimationTestTests.m in Sources */ = {isa = PBXBuildFile; fileRef = FFD9BF0B1A44B2BC001AF26E /* SequenceAnimationTestTests.m */; };
/* End PBXBuildFile section */

/* Begin PBXContainerItemProxy section */
		FFD9BF031A44B2BC001AF26E /* PBXContainerItemProxy */ = {
			isa = PBXContainerItemProxy;
			containerPortal = FFD9BED51A44B2BB001AF26E /* Project object */;
			proxyType = 1;
			remoteGlobalIDString = FFD9BEDC1A44B2BB001AF26E;
			remoteInfo = SequenceAnimationTest;
		};
/* End PBXContainerItemProxy section */

/* Begin PBXFileReference section */
		FFD9BEDD1A44B2BB001AF26E /* SequenceAnimationTest.app */ = {isa = PBXFileReference; explicitFileType = wrapper.application; includeInIndex = 0; path = SequenceAnimationTest.app; sourceTree = BUILT_PRODUCTS_DIR; };
		FFD9BEE01A44B2BB001AF26E /* Foundation.framework */ = {isa = PBXFileReference; lastKnownFileType = wrapper.framework; name = Foundation.framework; path = System/Library/Frameworks/Foundation.framework; sourceTree = SDKROOT; };
		FFD9BEE21A44B2BB001AF26E /* CoreGraphics.framework */ = {isa = PBXFileReference; lastKnownFileType = wrapper.framework; name = CoreGraphics.framework; path = System/Library/Frameworks/CoreGraphics.framework; sourceTree = SDKROOT; };
		FFD9BEE41A44B2BB001AF26E /* UIKit.framework */ = {isa = PBXFileReference; lastKnownFileType = wrapper.framework; name = UIKit.framework; path = System/Library/Frameworks/UIKit.framework; sourceTree = SDKROOT; };
		FFD9BEE81A44B2BB001AF26E /* SequenceAnimationTest-Info.plist */ = {isa = PBXFileReference; lastKnownFileType = text.plist.xml; path = "SequenceAnimationTest-Info.plist"; sourceTree = "<group>"; };
		FFD9BEEA1A44B2BB001AF26E /* en */ = {isa = PBXFileReference; lastKnownFileType = text.plist.strings; name = en; path = en.lproj/InfoPlist.strings; sourceTree = "<group>"; };
		FFD9BEEC1A44B2BB001AF26E /* main.m */ = {isa = PBXFileReference; lastKnownFileType = sourcecode.c.objc; path = main.m; sourceTree = "<group>"; };
		FFD9BEEE1A44B2BB001AF26E /* SequenceAnimationTest-Prefix.pch */ = {isa = PBXFileReference; lastKnownFileType = sourcecode.c.h; path = "SequenceAnimationTest-Prefix.pch"; sourceTree = "<group>"; };
		FFD9BEEF1A44B2BB001AF26E /* XYZAppDelegate.h */ = {isa = PBXFileReference; lastKnownFileType = sourcecode.c.h; path = XYZAppDelegate.h; sourceTree = "<group>"; };
		FFD9BEF01A44B2BB001AF26E /* XYZAppDelegate.m */ = {isa = PBXFileReference; lastKnownFileType = sourcecode.c.objc; path = XYZAppDelegate.m; sourceTree = "<group>"; };
		FFD9BEF31A44B2BB001AF26E /* Base */ = {isa = PBXFileReference; lastKnownFileType = file.storyboard; name = Base; path = Base.lproj/Main.storyboard; sourceTree = "<group>"; };
		FFD9BEF51A44B2BB001AF26E /* XYZViewController.h */ = {isa = PBXFileReference; lastKnownFileType = sourcecode.c.h; path = XYZViewController.h; sourceTree = "<group>"; };
		FFD9BEF61A44B2BB001AF26E /* XYZViewController.m */ = {isa = PBXFileReference; lastKnownFileType = sourcecode.c.objc; path = XYZViewController.m; sourceTree = "<group>"; };
		FFD9BEF81A44B2BB001AF26E /* Images.xcassets */ = {isa = PBXFileReference; lastKnownFileType = folder.assetcatalog; path = Images.xcassets; sourceTree = "<group>"; };
		FFD9BEFE1A44B2BC001AF26E /* SequenceAnimationTestTests.xctest */ = {isa = PBXFileReference; explicitFileType = wrapper.cfbundle; includeInIndex = 0; path = SequenceAnimationTestTests.xctest; sourceTree = BUILT_PRODUCTS_DIR; };
		FFD9BEFF1A44B2BC001AF26E /* XCTest.framework */ = {isa = PBXFileReference; lastKnownFileType = wrapper.framework; name = XCTest.framework; path = Library/Frameworks/XCTest.framework; sourceTree = DEVELOPER_DIR; };
		FFD9BF071A44B2BC001AF26E /* SequenceAnimationTestTests-Info.plist */ = {isa = PBXFileReference; lastKnownFileType = text.plist.xml; path = "SequenceAnimationTestTests-Info.plist"; sourceTree = "<group>"; };
		FFD9BF091A44B2BC001AF26E /* en */ = {isa = PBXFileReference; lastKnownFileType = text.plist.strings; name = en; path = en.lproj/InfoPlist.strings; sourceTree = "<group>"; };
		FFD9BF0B1A44B2BC001AF26E /* SequenceAnimationTestTests.m */ = {isa = PBXFileReference; lastKnownFileType = sourcecode.c.objc; path = SequenceAnimationTestTests.m; sourceTree = "<group>"; };
/* End PBXFileReference section */

/* Begin PBXFrameworksBuildPhase section */
		FFD9BEDA1A44B2BB001AF26E /* Frameworks */ = {
			isa = PBXFrameworksBuildPhase;
			buildActionMask = 2147483647;
			files = (
				FFD9BEE31A44B2BB001AF26E /* CoreGraphics.framework in Frameworks */,
				FFD9BEE51A44B2BB001AF26E /* UIKit.framework in Frameworks */,
				FFD9BEE11A44B2BB001AF26E /* Foundation.framework in Frameworks */,
			);
			runOnlyForDeploymentPostprocessing = 0;
		};
		FFD9BEFB1A44B2BC001AF26E /* Frameworks */ = {
			isa = PBXFrameworksBuildPhase;
			buildActionMask = 2147483647;
			files = (
				FFD9BF001A44B2BC001AF26E /* XCTest.framework in Frameworks */,
				FFD9BF021A44B2BC001AF26E /* UIKit.framework in Frameworks */,
				FFD9BF011A44B2BC001AF26E /* Foundation.framework in Frameworks */,
			);
			runOnlyForDeploymentPostprocessing = 0;
		};
/* End PBXFrameworksBuildPhase section */

/* Begin PBXGroup section */
		FFD9BED41A44B2BB001AF26E = {
			isa = PBXGroup;
			children = (
				FFD9BEE61A44B2BB001AF26E /* SequenceAnimationTest */,
				FFD9BF051A44B2BC001AF26E /* SequenceAnimationTestTests */,
				FFD9BEDF1A44B2BB001AF26E /* Frameworks */,
				FFD9BEDE1A44B2BB001AF26E /* Products */,
			);
			sourceTree = "<group>";
		};
		FFD9BEDE1A44B2BB001AF26E /* Products */ = {
			isa = PBXGroup;
			children = (
				FFD9BEDD1A44B2BB001AF26E /* SequenceAnimationTest.app */,
				FFD9BEFE1A44B2BC001AF26E /* SequenceAnimationTestTests.xctest */,
			);
			name = Products;
			sourceTree = "<group>";
		};
		FFD9BEDF1A44B2BB001AF26E /* Frameworks */ = {
			isa = PBXGroup;
			children = (
				FFD9BEE01A44B2BB001AF26E /* Foundation.framework */,
				FFD9BEE21A44B2BB001AF26E /* CoreGraphics.framework */,
				FFD9BEE41A44B2BB001AF26E /* UIKit.framework */,
				FFD9BEFF1A44B2BC001AF26E /* XCTest.framework */,
			);
			name = Frameworks;
			sourceTree = "<group>";
		};
		FFD9BEE61A44B2BB001AF26E /* SequenceAnimationTest */ = {
			isa = PBXGroup;
			children = (
				FFD9BEEF1A44B2BB001AF26E /* XYZAppDelegate.h */,
				FFD9BEF01A44B2BB001AF26E /* XYZAppDelegate.m */,
				FFD9BEF21A44B2BB001AF26E /* Main.storyboard */,
				FFD9BEF51A44B2BB001AF26E /* XYZViewController.h */,
				FFD9BEF61A44B2BB001AF26E /* XYZViewController.m */,
				FFD9BEF81A44B2BB001AF26E /* Images.xcassets */,
				FFD9BEE71A44B2BB001AF26E /* Supporting Files */,
			);
			path = SequenceAnimationTest;
			sourceTree = "<group>";
		};
		FFD9BEE71A44B2BB001AF26E /* Supporting Files */ = {
			isa = PBXGroup;
			children = (
				FFD9BEE81A44B2BB001AF26E /* SequenceAnimationTest-Info.plist */,
				FFD9BEE91A44B2BB001AF26E /* InfoPlist.strings */,
				FFD9BEEC1A44B2BB001AF26E /* main.m */,
				FFD9BEEE1A44B2BB001AF26E /* SequenceAnimationTest-Prefix.pch */,
			);
			name = "Supporting Files";
			sourceTree = "<group>";
		};
		FFD9BF051A44B2BC001AF26E /* SequenceAnimationTestTests */ = {
			isa = PBXGroup;
			children = (
				FFD9BF0B1A44B2BC001AF26E /* SequenceAnimationTestTests.m */,
				FFD9BF061A44B2BC001AF26E /* Supporting Files */,
			);
			path = SequenceAnimationTestTests;
			sourceTree = "<group>";
		};
		FFD9BF061A44B2BC001AF26E /* Supporting Files */ = {
			isa = PBXGroup;
			children = (
				FFD9BF071A44B2BC001AF26E /* SequenceAnimationTestTests-Info.plist */,
				FFD9BF081A44B2BC001AF26E /* InfoPlist.strings */,
			);
			name = "Supporting Files";
			sourceTree = "<group>";
		};
/* End PBXGroup section */

/* Begin PBXNativeTarget section */
		FFD9BEDC1A44B2BB001AF26E /* SequenceAnimationTest */ = {
			isa = PBXNativeTarget;
			buildConfigurationList = FFD9BF0F1A44B2BC001AF26E /* Build configuration list for PBXNativeTarget "SequenceAnimationTest" */;
			buildPhases = (
				FFD9BED91A44B2BB001AF26E /* Sources */,
				FFD9BEDA1A44B2BB001AF26E /* Frameworks */,
				FFD9BEDB1A44B2BB001AF26E /* Resources */,
			);
			buildRules = (
			);
			dependencies = (
			);
			name = SequenceAnimationTest;
			productName = SequenceAnimationTest;
			productReference = FFD9BEDD1A44B2BB001AF26E /* SequenceAnimationTest.app */;
			productType = "com.apple.product-type.application";
		};
		FFD9BEFD1A44B2BC001AF26E /* SequenceAnimationTestTests */ = {
			isa = PBXNativeTarget;
			buildConfigurationList = FFD9BF121A44B2BC001AF26E /* Build configuration list for PBXNativeTarget "SequenceAnimationTestTests" */;
			buildPhases = (
				FFD9BEFA1A44B2BC001AF26E /* Sources */,
				FFD9BEFB1A44B2BC001AF26E /* Frameworks */,
				FFD9BEFC1A44B2BC001AF26E /* Resources */,
			);
			buildRules = (
			);
			dependencies = (
				FFD9BF041A44B2BC001AF26E /* PBXTargetDependency */,
			);
			name = SequenceAnimationTestTests;
			productName = SequenceAnimationTestTests;
			productReference = FFD9BEFE1A44B2BC001AF26E /* SequenceAnimationTestTests.xctest */;
			productType = "com.apple.product-type.bundle.unit-test";
		};
/* End PBXNativeTarget section */

/* Begin PBXProject section */
		FFD9BED51A44B2BB001AF26E /* Project object */ = {
			isa = PBXProject;
			attributes = {
				CLASSPREFIX = XYZ;
				LastUpgradeCheck = 0510;
				ORGANIZATIONNAME = XYZ;
				TargetAttributes = {
					FFD9BEFD1A44B2BC001AF26E = {
						TestTargetID = FFD9BEDC1A44B2BB001AF26E;
					};
				};
			};
			buildConfigurationList = FFD9BED81A44B2BB001AF26E /* Build configuration list for PBXProject "SequenceAnimationTest" */;
			compatibilityVersion = "Xcode 3.2";
			developmentRegion = English;
			hasScannedForEncodings = 0;
			knownRegions = (
				en,
				Base,
			);
			mainGroup = FFD9BED41A44B2BB001AF26E;
			productRefGroup = FFD9BEDE1A44B2BB001AF26E /* Products */;
			projectDirPath = "";
			projectRoot = "";
			targets = (
				FFD9BEDC1A44B2BB001AF26E /* SequenceAnimationTest */,
				FFD9BEFD1A44B2BC001AF26E /* SequenceAnimationTestTests */,
			);
		};
/* End PBXProject section */

/* Begin PBXResourcesBuildPhase section */
		FFD9BEDB1A44B2BB001AF26E /* Resources */ = {
			isa = PBXResourcesBuildPhase;
			buildActionMask = 2147483647;
			files = (
				FFD9BEF91A44B2BB001AF26E /* Images.xcassets in Resources */,
				FFD9BEEB1A44B2BB001AF26E /* InfoPlist.strings in Resources */,
				FFD9BEF41A44B2BB001AF26E /* Main.storyboard in Resources */,
			);
			runOnlyForDeploymentPostprocessing = 0;
		};
		FFD9BEFC1A44B2BC001AF26E /* Resources */ = {
			isa = PBXResourcesBuildPhase;
			buildActionMask = 2147483647;
			files = (
				FFD9BF0A1A44B2BC001AF26E /* InfoPlist.strings in Resources */,
			);
			runOnlyForDeploymentPostprocessing = 0;
		};
/* End PBXResourcesBuildPhase section */

/* Begin PBXSourcesBuildPhase section */
		FFD9BED91A44B2BB001AF26E /* Sources */ = {
			isa = PBXSourcesBuildPhase;
			buildActionMask = 2147483647;
			files = (
				FFD9BEF71A44B2BB001AF26E /* XYZViewController.m in Sources */,
				FFD9BEF11A44B2BB001AF26E /* XYZAppDelegate.m in Sources */,
				FFD9BEED1A44B2BB001AF26E /* main.m in Sources */,
			);
			runOnlyForDeploymentPostprocessing = 0;
		};
		FFD9BEFA1A44B2BC001AF26E /* Sources */ = {
			isa = PBXSourcesBuildPhase;
			buildActionMask = 2147483647;
			files = (
				FFD9BF0C1A44B2BC001AF26E /* SequenceAnimationTestTests.m in Sources */,
			);
			runOnlyForDeploymentPostprocessing = 0;
		};
/* End PBXSourcesBuildPhase section */

/* Begin PBXTargetDependency section */
		FFD9BF041A44B2BC001AF26E /* PBXTargetDependency */ = {
			isa = PBXTargetDependency;
			target = FFD9BEDC1A44B2BB001AF26E /* SequenceAnimationTest */;
			targetProxy = FFD9BF031A44B2BC001AF26E /* PBXContainerItemProxy */;
		};
/* End PBXTargetDependency section */

/* Begin PBXVariantGroup section */
		FFD9BEE91A44B2BB001AF26E /* InfoPlist.strings */ = {
			isa = PBXVariantGroup;
			children = (
				FFD9BEEA1A44B2BB001AF26E /* en */,
			);
			name = InfoPlist.strings;
			sourceTree = "<group>";
		};
		FFD9BEF21A44B2BB001AF26E /* Main.storyboard */ = {
			isa = PBXVariantGroup;
			children = (
				FFD9BEF31A44B2BB001AF26E /* Base */,
			);
			name = Main.storyboard;
			sourceTree = "<group>";
		};
		FFD9BF081A44B2BC001AF26E /* InfoPlist.strings */ = {
			isa = PBXVariantGroup;
			children = (
				FFD9BF091A44B2BC001AF26E /* en */,
			);
			name = InfoPlist.strings;
			sourceTree = "<group>";
		};
/* End PBXVariantGroup section */

/* Begin XCBuildConfiguration section */
		FFD9BF0D1A44B2BC001AF26E /* Debug */ = {
			isa = XCBuildConfiguration;
			buildSettings = {
				ALWAYS_SEARCH_USER_PATHS = NO;
				CLANG_CXX_LANGUAGE_STANDARD = "gnu++0x";
				CLANG_CXX_LIBRARY = "libc++";
				CLANG_ENABLE_MODULES = YES;
				CLANG_ENABLE_OBJC_ARC = YES;
				CLANG_WARN_BOOL_CONVERSION = YES;
				CLANG_WARN_CONSTANT_CONVERSION = YES;
				CLANG_WARN_DIRECT_OBJC_ISA_USAGE = YES_ERROR;
				CLANG_WARN_EMPTY_BODY = YES;
				CLANG_WARN_ENUM_CONVERSION = YES;
				CLANG_WARN_INT_CONVERSION = YES;
				CLANG_WARN_OBJC_ROOT_CLASS = YES_ERROR;
				CLANG_WARN__DUPLICATE_METHOD_MATCH = YES;
				"CODE_SIGN_IDENTITY[sdk=iphoneos*]" = "iPhone Developer";
				COPY_PHASE_STRIP = NO;
				GCC_C_LANGUAGE_STANDARD = gnu99;
				GCC_DYNAMIC_NO_PIC = NO;
				GCC_OPTIMIZATION_LEVEL = 0;
				GCC_PREPROCESSOR_DEFINITIONS = (
					"DEBUG=1",
					"$(inherited)",
				);
				GCC_SYMBOLS_PRIVATE_EXTERN = NO;
				GCC_WARN_64_TO_32_BIT_CONVERSION = YES;
				GCC_WARN_ABOUT_RETURN_TYPE = YES_ERROR;
				GCC_WARN_UNDECLARED_SELECTOR = YES;
				GCC_WARN_UNINITIALIZED_AUTOS = YES_AGGRESSIVE;
				GCC_WARN_UNUSED_FUNCTION = YES;
				GCC_WARN_UNUSED_VARIABLE = YES;
				IPHONEOS_DEPLOYMENT_TARGET = 7.1;
				ONLY_ACTIVE_ARCH = YES;
				SDKROOT = iphoneos;
			};
			name = Debug;
		};
		FFD9BF0E1A44B2BC001AF26E /* Release */ = {
			isa = XCBuildConfiguration;
			buildSettings = {
				ALWAYS_SEARCH_USER_PATHS = NO;
				CLANG_CXX_LANGUAGE_STANDARD = "gnu++0x";
				CLANG_CXX_LIBRARY = "libc++";
				CLANG_ENABLE_MODULES = YES;
				CLANG_ENABLE_OBJC_ARC = YES;
				CLANG_WARN_BOOL_CONVERSION = YES;
				CLANG_WARN_CONSTANT_CONVERSION = YES;
				CLANG_WARN_DIRECT_OBJC_ISA_USAGE = YES_ERROR;
				CLANG_WARN_EMPTY_BODY = YES;
				CLANG_WARN_ENUM_CONVERSION = YES;
				CLANG_WARN_INT_CONVERSION = YES;
				CLANG_WARN_OBJC_ROOT_CLASS = YES_ERROR;
				CLANG_WARN__DUPLICATE_METHOD_MATCH = YES;
				"CODE_SIGN_IDENTITY[sdk=iphoneos*]" = "iPhone Developer";
				COPY_PHASE_STRIP = YES;
				ENABLE_NS_ASSERTIONS = NO;
				GCC_C_LANGUAGE_STANDARD = gnu99;
				GCC_WARN_64_TO_32_BIT_CONVERSION = YES;
				GCC_WARN_ABOUT_RETURN_TYPE = YES_ERROR;
				GCC_WARN_UNDECLARED_SELECTOR = YES;
				GCC_WARN_UNINITIALIZED_AUTOS = YES_AGGRESSIVE;
				GCC_WARN_UNUSED_FUNCTION = YES;
				GCC_WARN_UNUSED_VARIABLE = YES;
				IPHONEOS_DEPLOYMENT_TARGET = 7.1;
				SDKROOT = iphoneos;
				VALIDATE_PRODUCT = YES;
			};
			name = Release;
		};
		FFD9BF101A44B2BC001AF26E /* Debug */ = {
			isa = XCBuildConfiguration;
			buildSettings = {
				ASSETCATALOG_COMPILER_APPICON_NAME = AppIcon;
				ASSETCATALOG_COMPILER_LAUNCHIMAGE_NAME = LaunchImage;
				GCC_PRECOMPILE_PREFIX_HEADER = YES;
				GCC_PREFIX_HEADER = "SequenceAnimationTest/SequenceAnimationTest-Prefix.pch";
				INFOPLIST_FILE = "SequenceAnimationTest/SequenceAnimationTest-Info.plist";
				PRODUCT_NAME = "$(TARGET_NAME)";
				WRAPPER_EXTENSION = app;
			};
			name = Debug;
		};
		FFD9BF111A44B2BC001AF26E /* Release */ = {
			isa = XCBuildConfiguration;
			buildSettings = {
				ASSETCATALOG_COMPILER_APPICON_NAME = AppIcon;
				ASSETCATALOG_COMPILER_LAUNCHIMAGE_NAME = LaunchImage;
				GCC_PRECOMPILE_PREFIX_HEADER = YES;
				GCC_PREFIX_HEADER = "SequenceAnimationTest/SequenceAnimationTest-Prefix.pch";
				INFOPLIST_FILE = "SequenceAnimationTest/SequenceAnimationTest-Info.plist";
				PRODUCT_NAME = "$(TARGET_NAME)";
				WRAPPER_EXTENSION = app;
			};
			name = Release;
		};
		FFD9BF131A44B2BC001AF26E /* Debug */ = {
			isa = XCBuildConfiguration;
			buildSettings = {
				BUNDLE_LOADER = "$(BUILT_PRODUCTS_DIR)/SequenceAnimationTest.app/SequenceAnimationTest";
				FRAMEWORK_SEARCH_PATHS = (
					"$(SDKROOT)/Developer/Library/Frameworks",
					"$(inherited)",
					"$(DEVELOPER_FRAMEWORKS_DIR)",
				);
				GCC_PRECOMPILE_PREFIX_HEADER = YES;
				GCC_PREFIX_HEADER = "SequenceAnimationTest/SequenceAnimationTest-Prefix.pch";
				GCC_PREPROCESSOR_DEFINITIONS = (
					"DEBUG=1",
					"$(inherited)",
				);
				INFOPLIST_FILE = "SequenceAnimationTestTests/SequenceAnimationTestTests-Info.plist";
				PRODUCT_NAME = "$(TARGET_NAME)";
				TEST_HOST = "$(BUNDLE_LOADER)";
				WRAPPER_EXTENSION = xctest;
			};
			name = Debug;
		};
		FFD9BF141A44B2BC001AF26E /* Release */ = {
			isa = XCBuildConfiguration;
			buildSettings = {
				BUNDLE_LOADER = "$(BUILT_PRODUCTS_DIR)/SequenceAnimationTest.app/SequenceAnimationTest";
				FRAMEWORK_SEARCH_PATHS = (
					"$(SDKROOT)/Developer/Library/Frameworks",
					"$(inherited)",
					"$(DEVELOPER_FRAMEWORKS_DIR)",
				);
				GCC_PRECOMPILE_PREFIX_HEADER = YES;
				GCC_PREFIX_HEADER = "SequenceAnimationTest/SequenceAnimationTest-Prefix.pch";
				INFOPLIST_FILE = "SequenceAnimationTestTests/SequenceAnimationTestTests-Info.plist";
				PRODUCT_NAME = "$(TARGET_NAME)";
				TEST_HOST = "$(BUNDLE_LOADER)";
				WRAPPER_EXTENSION = xctest;
			};
			name = Release;
		};
/* End XCBuildConfiguration section */

/* Begin XCConfigurationList section */
		FFD9BED81A44B2BB001AF26E /* Build configuration list for PBXProject "SequenceAnimationTest" */ = {
			isa = XCConfigurationList;
			buildConfigurations = (
				FFD9BF0D1A44B2BC001AF26E /* Debug */,
				FFD9BF0E1A44B2BC001AF26E /* Release */,
			);
			defaultConfigurationIsVisible = 0;
			defaultConfigurationName = Release;
		};
		FFD9BF0F1A44B2BC001AF26E /* Build configuration list for PBXNativeTarget "SequenceAnimationTest" */ = {
			isa = XCConfigurationList;
			buildConfigurations = (
				FFD9BF101A44B2BC001AF26E /* Debug */,
				FFD9BF111A44B2BC001AF26E /* Release */,
			);
			defaultConfigurationIsVisible = 0;
		};
		FFD9BF121A44B2BC001AF26E /* Build configuration list for PBXNativeTarget "SequenceAnimationTestTests" */ = {
			isa = XCConfigurationList;
			buildConfigurations = (
				FFD9BF131A44B2BC001AF26E /* Debug */,
				FFD9BF141A44B2BC001AF26E /* Release */,
			);
			defaultConfigurationIsVisible = 0;
		};
/* End XCConfigurationList section */
	};
	rootObject = FFD9BED51A44B2BB001AF26E /* Project object */;
}
